
Microsoft Visual Studio Solution File, Format Version 12.00
# Visual Studio 15
VisualStudioVersion = 15.0.26730.3
MinimumVisualStudioVersion = 10.0.40219.1
Project("{9A19103F-16F7-4668-BE54-9A1E7A4F7556}") = "NPOI", "src\NPOI\NPOI.csproj", "{2FB384CB-1041-47B5-9C0D-D6E9E5B4D4C0}"
EndProject
Project("{9A19103F-16F7-4668-BE54-9A1E7A4F7556}") = "NPOI.OpenXml4Net", "src\NPOI.OpenXml4Net\NPOI.OpenXml4Net.csproj", "{B6AAE93B-44B0-41A0-B478-0D72C115A40C}"
EndProject
Project("{9A19103F-16F7-4668-BE54-9A1E7A4F7556}") = "NPOI.OpenXmlFormats", "src\NPOI.OpenXmlFormats\NPOI.OpenXmlFormats.csproj", "{6452E3FD-EF04-4136-A04C-896B7C96D1CD}"
EndProject
Project("{9A19103F-16F7-4668-BE54-9A1E7A4F7556}") = "NPOI.OOXML", "src\NPOI.OOXML\NPOI.OOXML.csproj", "{4D994508-5489-4342-9EE8-6FDDB0763E66}"
EndProject
Project("{2150E333-8FDC-42A3-9474-1A3956D46DE8}") = "src", "src", "{75F35EF8-6579-4D21-8481-B5D84CCB97A1}"
EndProject
Project("{2150E333-8FDC-42A3-9474-1A3956D46DE8}") = "test", "test", "{CEF11721-42B4-42EF-92AB-1D52C4382EF9}"
EndProject
Project("{FAE04EC0-301F-11D3-BF4B-00C04F79EFBC}") = "NPOI.OOXML4Net.Testcases", "test\NPOI.OpenXml4Net\NPOI.OOXML4Net.Testcases.csproj", "{F5A6FF78-2C51-44E8-9E31-CD1B3EF784E9}"
EndProject
Project("{FAE04EC0-301F-11D3-BF4B-00C04F79EFBC}") = "NPOI.TestCases", "test\NPOI.TestCases\NPOI.TestCases.csproj", "{A920C2BA-8BFD-4F54-8401-7D1C0730F1F0}"
EndProject
Project("{FAE04EC0-301F-11D3-BF4B-00C04F79EFBC}") = "NPOI.OOXML.TestCases", "test\NPOI.OpenXmlFormats\NPOI.OOXML.TestCases.csproj", "{0BF8C464-8779-43CF-AD7A-B1109A86EAAE}"
EndProject
Global
	GlobalSection(SolutionConfigurationPlatforms) = preSolution
		.net 2 Release|Any CPU = .net 2 Release|Any CPU
		.net 4 Release|Any CPU = .net 4 Release|Any CPU
		Debug|Any CPU = Debug|Any CPU
		NPOI.Tools|Any CPU = NPOI.Tools|Any CPU
		Release|Any CPU = Release|Any CPU
	EndGlobalSection
	GlobalSection(ProjectConfigurationPlatforms) = postSolution
		{2FB384CB-1041-47B5-9C0D-D6E9E5B4D4C0}..net 2 Release|Any CPU.ActiveCfg = Release|Any CPU
		{2FB384CB-1041-47B5-9C0D-D6E9E5B4D4C0}..net 2 Release|Any CPU.Build.0 = Release|Any CPU
		{2FB384CB-1041-47B5-9C0D-D6E9E5B4D4C0}..net 4 Release|Any CPU.ActiveCfg = Release|Any CPU
		{2FB384CB-1041-47B5-9C0D-D6E9E5B4D4C0}..net 4 Release|Any CPU.Build.0 = Release|Any CPU
		{2FB384CB-1041-47B5-9C0D-D6E9E5B4D4C0}.Debug|Any CPU.ActiveCfg = Debug|Any CPU
		{2FB384CB-1041-47B5-9C0D-D6E9E5B4D4C0}.Debug|Any CPU.Build.0 = Debug|Any CPU
		{2FB384CB-1041-47B5-9C0D-D6E9E5B4D4C0}.NPOI.Tools|Any CPU.ActiveCfg = Debug|Any CPU
		{2FB384CB-1041-47B5-9C0D-D6E9E5B4D4C0}.NPOI.Tools|Any CPU.Build.0 = Debug|Any CPU
		{2FB384CB-1041-47B5-9C0D-D6E9E5B4D4C0}.Release|Any CPU.ActiveCfg = Release|Any CPU
		{2FB384CB-1041-47B5-9C0D-D6E9E5B4D4C0}.Release|Any CPU.Build.0 = Release|Any CPU
		{B6AAE93B-44B0-41A0-B478-0D72C115A40C}..net 2 Release|Any CPU.ActiveCfg = Release|Any CPU
		{B6AAE93B-44B0-41A0-B478-0D72C115A40C}..net 2 Release|Any CPU.Build.0 = Release|Any CPU
		{B6AAE93B-44B0-41A0-B478-0D72C115A40C}..net 4 Release|Any CPU.ActiveCfg = Release|Any CPU
		{B6AAE93B-44B0-41A0-B478-0D72C115A40C}..net 4 Release|Any CPU.Build.0 = Release|Any CPU
		{B6AAE93B-44B0-41A0-B478-0D72C115A40C}.Debug|Any CPU.ActiveCfg = Debug|Any CPU
		{B6AAE93B-44B0-41A0-B478-0D72C115A40C}.Debug|Any CPU.Build.0 = Debug|Any CPU
		{B6AAE93B-44B0-41A0-B478-0D72C115A40C}.NPOI.Tools|Any CPU.ActiveCfg = Debug|Any CPU
		{B6AAE93B-44B0-41A0-B478-0D72C115A40C}.NPOI.Tools|Any CPU.Build.0 = Debug|Any CPU
		{B6AAE93B-44B0-41A0-B478-0D72C115A40C}.Release|Any CPU.ActiveCfg = Release|Any CPU
		{B6AAE93B-44B0-41A0-B478-0D72C115A40C}.Release|Any CPU.Build.0 = Release|Any CPU
		{6452E3FD-EF04-4136-A04C-896B7C96D1CD}..net 2 Release|Any CPU.ActiveCfg = Release|Any CPU
		{6452E3FD-EF04-4136-A04C-896B7C96D1CD}..net 2 Release|Any CPU.Build.0 = Release|Any CPU
		{6452E3FD-EF04-4136-A04C-896B7C96D1CD}..net 4 Release|Any CPU.ActiveCfg = Release|Any CPU
		{6452E3FD-EF04-4136-A04C-896B7C96D1CD}..net 4 Release|Any CPU.Build.0 = Release|Any CPU
		{6452E3FD-EF04-4136-A04C-896B7C96D1CD}.Debug|Any CPU.ActiveCfg = Debug|Any CPU
		{6452E3FD-EF04-4136-A04C-896B7C96D1CD}.Debug|Any CPU.Build.0 = Debug|Any CPU
		{6452E3FD-EF04-4136-A04C-896B7C96D1CD}.NPOI.Tools|Any CPU.ActiveCfg = Debug|Any CPU
		{6452E3FD-EF04-4136-A04C-896B7C96D1CD}.NPOI.Tools|Any CPU.Build.0 = Debug|Any CPU
		{6452E3FD-EF04-4136-A04C-896B7C96D1CD}.Release|Any CPU.ActiveCfg = Release|Any CPU
		{6452E3FD-EF04-4136-A04C-896B7C96D1CD}.Release|Any CPU.Build.0 = Release|Any CPU
		{4D994508-5489-4342-9EE8-6FDDB0763E66}..net 2 Release|Any CPU.ActiveCfg = Release|Any CPU
		{4D994508-5489-4342-9EE8-6FDDB0763E66}..net 2 Release|Any CPU.Build.0 = Release|Any CPU
		{4D994508-5489-4342-9EE8-6FDDB0763E66}..net 4 Release|Any CPU.ActiveCfg = Release|Any CPU
		{4D994508-5489-4342-9EE8-6FDDB0763E66}..net 4 Release|Any CPU.Build.0 = Release|Any CPU
		{4D994508-5489-4342-9EE8-6FDDB0763E66}.Debug|Any CPU.ActiveCfg = Debug|Any CPU
		{4D994508-5489-4342-9EE8-6FDDB0763E66}.Debug|Any CPU.Build.0 = Debug|Any CPU
		{4D994508-5489-4342-9EE8-6FDDB0763E66}.NPOI.Tools|Any CPU.ActiveCfg = Debug|Any CPU
		{4D994508-5489-4342-9EE8-6FDDB0763E66}.NPOI.Tools|Any CPU.Build.0 = Debug|Any CPU
		{4D994508-5489-4342-9EE8-6FDDB0763E66}.Release|Any CPU.ActiveCfg = Release|Any CPU
		{4D994508-5489-4342-9EE8-6FDDB0763E66}.Release|Any CPU.Build.0 = Release|Any CPU
		{F5A6FF78-2C51-44E8-9E31-CD1B3EF784E9}..net 2 Release|Any CPU.ActiveCfg = .net 2 Release|Any CPU
		{F5A6FF78-2C51-44E8-9E31-CD1B3EF784E9}..net 2 Release|Any CPU.Build.0 = .net 2 Release|Any CPU
		{F5A6FF78-2C51-44E8-9E31-CD1B3EF784E9}..net 4 Release|Any CPU.ActiveCfg = .net 4 Release|Any CPU
		{F5A6FF78-2C51-44E8-9E31-CD1B3EF784E9}..net 4 Release|Any CPU.Build.0 = .net 4 Release|Any CPU
		{F5A6FF78-2C51-44E8-9E31-CD1B3EF784E9}.Debug|Any CPU.ActiveCfg = Debug|Any CPU
		{F5A6FF78-2C51-44E8-9E31-CD1B3EF784E9}.Debug|Any CPU.Build.0 = Debug|Any CPU
		{F5A6FF78-2C51-44E8-9E31-CD1B3EF784E9}.NPOI.Tools|Any CPU.ActiveCfg = .net 2 Release|Any CPU
		{F5A6FF78-2C51-44E8-9E31-CD1B3EF784E9}.NPOI.Tools|Any CPU.Build.0 = .net 2 Release|Any CPU
		{F5A6FF78-2C51-44E8-9E31-CD1B3EF784E9}.Release|Any CPU.ActiveCfg = Release|Any CPU
		{F5A6FF78-2C51-44E8-9E31-CD1B3EF784E9}.Release|Any CPU.Build.0 = Release|Any CPU
		{A920C2BA-8BFD-4F54-8401-7D1C0730F1F0}..net 2 Release|Any CPU.ActiveCfg = .net 2 Release|Any CPU
		{A920C2BA-8BFD-4F54-8401-7D1C0730F1F0}..net 2 Release|Any CPU.Build.0 = .net 2 Release|Any CPU
		{A920C2BA-8BFD-4F54-8401-7D1C0730F1F0}..net 4 Release|Any CPU.ActiveCfg = .net 4 Release|Any CPU
		{A920C2BA-8BFD-4F54-8401-7D1C0730F1F0}..net 4 Release|Any CPU.Build.0 = .net 4 Release|Any CPU
		{A920C2BA-8BFD-4F54-8401-7D1C0730F1F0}.Debug|Any CPU.ActiveCfg = Debug|Any CPU
		{A920C2BA-8BFD-4F54-8401-7D1C0730F1F0}.Debug|Any CPU.Build.0 = Debug|Any CPU
		{A920C2BA-8BFD-4F54-8401-7D1C0730F1F0}.NPOI.Tools|Any CPU.ActiveCfg = NPOI.Tools|Any CPU
		{A920C2BA-8BFD-4F54-8401-7D1C0730F1F0}.NPOI.Tools|Any CPU.Build.0 = NPOI.Tools|Any CPU
		{A920C2BA-8BFD-4F54-8401-7D1C0730F1F0}.Release|Any CPU.ActiveCfg = Release|Any CPU
		{A920C2BA-8BFD-4F54-8401-7D1C0730F1F0}.Release|Any CPU.Build.0 = Release|Any CPU
		{0BF8C464-8779-43CF-AD7A-B1109A86EAAE}..net 2 Release|Any CPU.ActiveCfg = .net 2 Release|Any CPU
		{0BF8C464-8779-43CF-AD7A-B1109A86EAAE}..net 2 Release|Any CPU.Build.0 = .net 2 Release|Any CPU
		{0BF8C464-8779-43CF-AD7A-B1109A86EAAE}..net 4 Release|Any CPU.ActiveCfg = .net 4 Release|Any CPU
		{0BF8C464-8779-43CF-AD7A-B1109A86EAAE}..net 4 Release|Any CPU.Build.0 = .net 4 Release|Any CPU
		{0BF8C464-8779-43CF-AD7A-B1109A86EAAE}.Debug|Any CPU.ActiveCfg = Debug|Any CPU
		{0BF8C464-8779-43CF-AD7A-B1109A86EAAE}.Debug|Any CPU.Build.0 = Debug|Any CPU
		{0BF8C464-8779-43CF-AD7A-B1109A86EAAE}.NPOI.Tools|Any CPU.ActiveCfg = .net 2 Release|Any CPU
		{0BF8C464-8779-43CF-AD7A-B1109A86EAAE}.NPOI.Tools|Any CPU.Build.0 = .net 2 Release|Any CPU
		{0BF8C464-8779-43CF-AD7A-B1109A86EAAE}.Release|Any CPU.ActiveCfg = Release|Any CPU
		{0BF8C464-8779-43CF-AD7A-B1109A86EAAE}.Release|Any CPU.Build.0 = Release|Any CPU
	EndGlobalSection
	GlobalSection(SolutionProperties) = preSolution
		HideSolutionNode = FALSE
	EndGlobalSection
	GlobalSection(NestedProjects) = preSolution
		{2FB384CB-1041-47B5-9C0D-D6E9E5B4D4C0} = {75F35EF8-6579-4D21-8481-B5D84CCB97A1}
		{B6AAE93B-44B0-41A0-B478-0D72C115A40C} = {75F35EF8-6579-4D21-8481-B5D84CCB97A1}
		{6452E3FD-EF04-4136-A04C-896B7C96D1CD} = {75F35EF8-6579-4D21-8481-B5D84CCB97A1}
		{4D994508-5489-4342-9EE8-6FDDB0763E66} = {75F35EF8-6579-4D21-8481-B5D84CCB97A1}
		{F5A6FF78-2C51-44E8-9E31-CD1B3EF784E9} = {CEF11721-42B4-42EF-92AB-1D52C4382EF9}
		{A920C2BA-8BFD-4F54-8401-7D1C0730F1F0} = {CEF11721-42B4-42EF-92AB-1D52C4382EF9}
		{0BF8C464-8779-43CF-AD7A-B1109A86EAAE} = {CEF11721-42B4-42EF-92AB-1D52C4382EF9}
	EndGlobalSection
	GlobalSection(ExtensibilityGlobals) = postSolution
		SolutionGuid = {329388F0-0AB8-461F-800B-1D715BB000FF}
	EndGlobalSection
EndGlobal
