
Microsoft Visual Studio Solution File, Format Version 12.00
# Visual Studio 15
VisualStudioVersion = 15.0.26228.4
MinimumVisualStudioVersion = 10.0.40219.1
Project("{2150E333-8FDC-42A3-9474-1A3956D46DE8}") = "src", "src", "{84A4E853-E521-420C-B731-DE8201209E33}"
EndProject
Project("{2150E333-8FDC-42A3-9474-1A3956D46DE8}") = "test", "test", "{53ACA16E-FB58-484B-91C9-8A74C25938AC}"
EndProject
Project("{2150E333-8FDC-42A3-9474-1A3956D46DE8}") = "samples", "samples", "{BF3A7231-A953-4FBA-AE3F-403CF412C8DA}"
EndProject
Project("{2150E333-8FDC-42A3-9474-1A3956D46DE8}") = "Solution Items", "Solution Items", "{1136B677-4947-4E0F-9100-6D3F3084426F}"
EndProject
Project("{9A19103F-16F7-4668-BE54-9A1E7A4F7556}") = "Npoi.Core", "src\Npoi.Core\Npoi.Core.csproj", "{D2DB927C-AAD0-4278-9198-2817D4D67509}"
EndProject
Project("{9A19103F-16F7-4668-BE54-9A1E7A4F7556}") = "Npoi.Core.OpenXml4Net", "src\Npoi.Core.OpenXml4Net\Npoi.Core.OpenXml4Net.csproj", "{54413C64-14BD-496F-92BA-9DEAE369BA84}"
EndProject
Project("{9A19103F-16F7-4668-BE54-9A1E7A4F7556}") = "Npoi.Core.Ooxml", "src\Npoi.Core.Ooxml\Npoi.Core.Ooxml.csproj", "{A2173A8B-1B9D-496D-B049-9010B0C49B23}"
EndProject
Project("{9A19103F-16F7-4668-BE54-9A1E7A4F7556}") = "Npoi.Core.OpenXmlFormats", "src\Npoi.Core.OpenXmlFormats\Npoi.Core.OpenXmlFormats.csproj", "{95ADF7EB-FCC3-4C84-B03C-C8B20C81D1D1}"
EndProject
Project("{9A19103F-16F7-4668-BE54-9A1E7A4F7556}") = "Npoi.Core.Ooxml.TestCases", "test\Npoi.Core.Ooxml.TestCases\Npoi.Core.Ooxml.TestCases.csproj", "{9D85EEBC-8B2D-45D3-AA35-C1AF45C2A737}"
EndProject
Project("{9A19103F-16F7-4668-BE54-9A1E7A4F7556}") = "Npoi.Core.OpenXml4Net.Tests", "test\Npoi.Core.OpenXml4Net.Tests\Npoi.Core.OpenXml4Net.Tests.csproj", "{F7F03584-22A7-4101-AAD1-55976E8111F3}"
EndProject
Project("{9A19103F-16F7-4668-BE54-9A1E7A4F7556}") = "Npoi.Core.TestCases", "test\Npoi.Core.TestCases\Npoi.Core.TestCases.csproj", "{49472345-4EC8-4138-9F44-CF8FF51D67BE}"
EndProject
Project("{9A19103F-16F7-4668-BE54-9A1E7A4F7556}") = "Npoi.Samples.CreateNewSpreadsheet", "samples\Npoi.Samples.CreateNewSpreadsheet\Npoi.Samples.CreateNewSpreadsheet.csproj", "{E26BBD8A-3A38-4F82-91A4-7F81ECFB8196}"
EndProject
Global
	GlobalSection(SolutionConfigurationPlatforms) = preSolution
		Debug|Any CPU = Debug|Any CPU
		Release|Any CPU = Release|Any CPU
	EndGlobalSection
	GlobalSection(ProjectConfigurationPlatforms) = postSolution
		{D2DB927C-AAD0-4278-9198-2817D4D67509}.Debug|Any CPU.ActiveCfg = Debug|Any CPU
		{D2DB927C-AAD0-4278-9198-2817D4D67509}.Debug|Any CPU.Build.0 = Debug|Any CPU
		{D2DB927C-AAD0-4278-9198-2817D4D67509}.Release|Any CPU.ActiveCfg = Release|Any CPU
		{D2DB927C-AAD0-4278-9198-2817D4D67509}.Release|Any CPU.Build.0 = Release|Any CPU
		{54413C64-14BD-496F-92BA-9DEAE369BA84}.Debug|Any CPU.ActiveCfg = Debug|Any CPU
		{54413C64-14BD-496F-92BA-9DEAE369BA84}.Debug|Any CPU.Build.0 = Debug|Any CPU
		{54413C64-14BD-496F-92BA-9DEAE369BA84}.Release|Any CPU.ActiveCfg = Release|Any CPU
		{54413C64-14BD-496F-92BA-9DEAE369BA84}.Release|Any CPU.Build.0 = Release|Any CPU
		{A2173A8B-1B9D-496D-B049-9010B0C49B23}.Debug|Any CPU.ActiveCfg = Debug|Any CPU
		{A2173A8B-1B9D-496D-B049-9010B0C49B23}.Debug|Any CPU.Build.0 = Debug|Any CPU
		{A2173A8B-1B9D-496D-B049-9010B0C49B23}.Release|Any CPU.ActiveCfg = Release|Any CPU
		{A2173A8B-1B9D-496D-B049-9010B0C49B23}.Release|Any CPU.Build.0 = Release|Any CPU
		{95ADF7EB-FCC3-4C84-B03C-C8B20C81D1D1}.Debug|Any CPU.ActiveCfg = Debug|Any CPU
		{95ADF7EB-FCC3-4C84-B03C-C8B20C81D1D1}.Debug|Any CPU.Build.0 = Debug|Any CPU
		{95ADF7EB-FCC3-4C84-B03C-C8B20C81D1D1}.Release|Any CPU.ActiveCfg = Release|Any CPU
		{95ADF7EB-FCC3-4C84-B03C-C8B20C81D1D1}.Release|Any CPU.Build.0 = Release|Any CPU
		{9D85EEBC-8B2D-45D3-AA35-C1AF45C2A737}.Debug|Any CPU.ActiveCfg = Debug|Any CPU
		{9D85EEBC-8B2D-45D3-AA35-C1AF45C2A737}.Debug|Any CPU.Build.0 = Debug|Any CPU
		{9D85EEBC-8B2D-45D3-AA35-C1AF45C2A737}.Release|Any CPU.ActiveCfg = Release|Any CPU
		{9D85EEBC-8B2D-45D3-AA35-C1AF45C2A737}.Release|Any CPU.Build.0 = Release|Any CPU
		{F7F03584-22A7-4101-AAD1-55976E8111F3}.Debug|Any CPU.ActiveCfg = Debug|Any CPU
		{F7F03584-22A7-4101-AAD1-55976E8111F3}.Debug|Any CPU.Build.0 = Debug|Any CPU
		{F7F03584-22A7-4101-AAD1-55976E8111F3}.Release|Any CPU.ActiveCfg = Release|Any CPU
		{F7F03584-22A7-4101-AAD1-55976E8111F3}.Release|Any CPU.Build.0 = Release|Any CPU
		{49472345-4EC8-4138-9F44-CF8FF51D67BE}.Debug|Any CPU.ActiveCfg = Debug|Any CPU
		{49472345-4EC8-4138-9F44-CF8FF51D67BE}.Debug|Any CPU.Build.0 = Debug|Any CPU
		{49472345-4EC8-4138-9F44-CF8FF51D67BE}.Release|Any CPU.ActiveCfg = Release|Any CPU
		{49472345-4EC8-4138-9F44-CF8FF51D67BE}.Release|Any CPU.Build.0 = Release|Any CPU
		{E26BBD8A-3A38-4F82-91A4-7F81ECFB8196}.Debug|Any CPU.ActiveCfg = Debug|Any CPU
		{E26BBD8A-3A38-4F82-91A4-7F81ECFB8196}.Debug|Any CPU.Build.0 = Debug|Any CPU
		{E26BBD8A-3A38-4F82-91A4-7F81ECFB8196}.Release|Any CPU.ActiveCfg = Release|Any CPU
		{E26BBD8A-3A38-4F82-91A4-7F81ECFB8196}.Release|Any CPU.Build.0 = Release|Any CPU
	EndGlobalSection
	GlobalSection(SolutionProperties) = preSolution
		HideSolutionNode = FALSE
	EndGlobalSection
	GlobalSection(NestedProjects) = preSolution
		{D2DB927C-AAD0-4278-9198-2817D4D67509} = {84A4E853-E521-420C-B731-DE8201209E33}
		{54413C64-14BD-496F-92BA-9DEAE369BA84} = {84A4E853-E521-420C-B731-DE8201209E33}
		{A2173A8B-1B9D-496D-B049-9010B0C49B23} = {84A4E853-E521-420C-B731-DE8201209E33}
		{95ADF7EB-FCC3-4C84-B03C-C8B20C81D1D1} = {84A4E853-E521-420C-B731-DE8201209E33}
		{9D85EEBC-8B2D-45D3-AA35-C1AF45C2A737} = {53ACA16E-FB58-484B-91C9-8A74C25938AC}
		{F7F03584-22A7-4101-AAD1-55976E8111F3} = {53ACA16E-FB58-484B-91C9-8A74C25938AC}
		{49472345-4EC8-4138-9F44-CF8FF51D67BE} = {53ACA16E-FB58-484B-91C9-8A74C25938AC}
		{E26BBD8A-3A38-4F82-91A4-7F81ECFB8196} = {BF3A7231-A953-4FBA-AE3F-403CF412C8DA}
	EndGlobalSection
EndGlobal
